
Microsoft Visual Studio Solution File, Format Version 12.00
# Visual Studio Version 17
VisualStudioVersion = 17.2.32526.322
MinimumVisualStudioVersion = 10.0.40219.1
Project("{888888A0-9F3D-457C-B088-3A5042F75D52}") = "Rock_Paper_Scissors_Game", "Rock_Paper_Scissors_Game\Rock_Paper_Scissors_Game.pyproj", "{CD41A86A-2F9D-4FE2-8495-1148A8272C26}"
EndProject
Global
	GlobalSection(SolutionConfigurationPlatforms) = preSolution
		Debug|Any CPU = Debug|Any CPU
		Release|Any CPU = Release|Any CPU
	EndGlobalSection
	GlobalSection(ProjectConfigurationPlatforms) = postSolution
		{CD41A86A-2F9D-4FE2-8495-1148A8272C26}.Debug|Any CPU.ActiveCfg = Debug|Any CPU
		{CD41A86A-2F9D-4FE2-8495-1148A8272C26}.Release|Any CPU.ActiveCfg = Release|Any CPU
	EndGlobalSection
	GlobalSection(SolutionProperties) = preSolution
		HideSolutionNode = FALSE
	EndGlobalSection
	GlobalSection(ExtensibilityGlobals) = postSolution
		SolutionGuid = {3ED10EDF-9E8C-48E7-B419-3757293FD020}
	EndGlobalSection
EndGlobal
